// !$*UTF8*$!
{
	archiveVersion = 1;
	classes = {
	};
	objectVersion = 50;
	objects = {

/* Begin PBXBuildFile section */
		53024E5B239D2F7500585F01 /* AppDelegate.swift in Sources */ = {isa = PBXBuildFile; fileRef = 53024E5A239D2F7500585F01 /* AppDelegate.swift */; };
		53024E5D239D2F7500585F01 /* SceneDelegate.swift in Sources */ = {isa = PBXBuildFile; fileRef = 53024E5C239D2F7500585F01 /* SceneDelegate.swift */; };
		53024E5F239D2F7500585F01 /* ViewController.swift in Sources */ = {isa = PBXBuildFile; fileRef = 53024E5E239D2F7500585F01 /* ViewController.swift */; };
		53024E62239D2F7500585F01 /* Main.storyboard in Resources */ = {isa = PBXBuildFile; fileRef = 53024E60239D2F7500585F01 /* Main.storyboard */; };
		53024E64239D2F7700585F01 /* Assets.xcassets in Resources */ = {isa = PBXBuildFile; fileRef = 53024E63239D2F7700585F01 /* Assets.xcassets */; };
		53024E67239D2F7700585F01 /* LaunchScreen.storyboard in Resources */ = {isa = PBXBuildFile; fileRef = 53024E65239D2F7700585F01 /* LaunchScreen.storyboard */; };
		53024E72239D2F7700585F01 /* World_TrackingTests.swift in Sources */ = {isa = PBXBuildFile; fileRef = 53024E71239D2F7700585F01 /* World_TrackingTests.swift */; };
		53024E7D239D2F7700585F01 /* World_TrackingUITests.swift in Sources */ = {isa = PBXBuildFile; fileRef = 53024E7C239D2F7700585F01 /* World_TrackingUITests.swift */; };
/* End PBXBuildFile section */

/* Begin PBXContainerItemProxy section */
		53024E6E239D2F7700585F01 /* PBXContainerItemProxy */ = {
			isa = PBXContainerItemProxy;
			containerPortal = 53024E4F239D2F7500585F01 /* Project object */;
			proxyType = 1;
			remoteGlobalIDString = 53024E56239D2F7500585F01;
			remoteInfo = "World Tracking";
		};
		53024E79239D2F7700585F01 /* PBXContainerItemProxy */ = {
			isa = PBXContainerItemProxy;
			containerPortal = 53024E4F239D2F7500585F01 /* Project object */;
			proxyType = 1;
			remoteGlobalIDString = 53024E56239D2F7500585F01;
			remoteInfo = "World Tracking";
		};
/* End PBXContainerItemProxy section */

/* Begin PBXFileReference section */
		53024E57239D2F7500585F01 /* World Tracking.app */ = {isa = PBXFileReference; explicitFileType = wrapper.application; includeInIndex = 0; path = "World Tracking.app"; sourceTree = BUILT_PRODUCTS_DIR; };
		53024E5A239D2F7500585F01 /* AppDelegate.swift */ = {isa = PBXFileReference; lastKnownFileType = sourcecode.swift; path = AppDelegate.swift; sourceTree = "<group>"; };
		53024E5C239D2F7500585F01 /* SceneDelegate.swift */ = {isa = PBXFileReference; lastKnownFileType = sourcecode.swift; path = SceneDelegate.swift; sourceTree = "<group>"; };
		53024E5E239D2F7500585F01 /* ViewController.swift */ = {isa = PBXFileReference; lastKnownFileType = sourcecode.swift; path = ViewController.swift; sourceTree = "<group>"; };
		53024E61239D2F7500585F01 /* Base */ = {isa = PBXFileReference; lastKnownFileType = file.storyboard; name = Base; path = Base.lproj/Main.storyboard; sourceTree = "<group>"; };
		53024E63239D2F7700585F01 /* Assets.xcassets */ = {isa = PBXFileReference; lastKnownFileType = folder.assetcatalog; path = Assets.xcassets; sourceTree = "<group>"; };
		53024E66239D2F7700585F01 /* Base */ = {isa = PBXFileReference; lastKnownFileType = file.storyboard; name = Base; path = Base.lproj/LaunchScreen.storyboard; sourceTree = "<group>"; };
		53024E68239D2F7700585F01 /* Info.plist */ = {isa = PBXFileReference; lastKnownFileType = text.plist.xml; path = Info.plist; sourceTree = "<group>"; };
		53024E6D239D2F7700585F01 /* World TrackingTests.xctest */ = {isa = PBXFileReference; explicitFileType = wrapper.cfbundle; includeInIndex = 0; path = "World TrackingTests.xctest"; sourceTree = BUILT_PRODUCTS_DIR; };
		53024E71239D2F7700585F01 /* World_TrackingTests.swift */ = {isa = PBXFileReference; lastKnownFileType = sourcecode.swift; path = World_TrackingTests.swift; sourceTree = "<group>"; };
		53024E73239D2F7700585F01 /* Info.plist */ = {isa = PBXFileReference; lastKnownFileType = text.plist.xml; path = Info.plist; sourceTree = "<group>"; };
		53024E78239D2F7700585F01 /* World TrackingUITests.xctest */ = {isa = PBXFileReference; explicitFileType = wrapper.cfbundle; includeInIndex = 0; path = "World TrackingUITests.xctest"; sourceTree = BUILT_PRODUCTS_DIR; };
		53024E7C239D2F7700585F01 /* World_TrackingUITests.swift */ = {isa = PBXFileReference; lastKnownFileType = sourcecode.swift; path = World_TrackingUITests.swift; sourceTree = "<group>"; };
		53024E7E239D2F7700585F01 /* Info.plist */ = {isa = PBXFileReference; lastKnownFileType = text.plist.xml; path = Info.plist; sourceTree = "<group>"; };
/* End PBXFileReference section */

/* Begin PBXFrameworksBuildPhase section */
		53024E54239D2F7500585F01 /* Frameworks */ = {
			isa = PBXFrameworksBuildPhase;
			buildActionMask = 2147483647;
			files = (
			);
			runOnlyForDeploymentPostprocessing = 0;
		};
		53024E6A239D2F7700585F01 /* Frameworks */ = {
			isa = PBXFrameworksBuildPhase;
			buildActionMask = 2147483647;
			files = (
			);
			runOnlyForDeploymentPostprocessing = 0;
		};
		53024E75239D2F7700585F01 /* Frameworks */ = {
			isa = PBXFrameworksBuildPhase;
			buildActionMask = 2147483647;
			files = (
			);
			runOnlyForDeploymentPostprocessing = 0;
		};
/* End PBXFrameworksBuildPhase section */

/* Begin PBXGroup section */
		53024E4E239D2F7500585F01 = {
			isa = PBXGroup;
			children = (
				53024E59239D2F7500585F01 /* World Tracking */,
				53024E70239D2F7700585F01 /* World TrackingTests */,
				53024E7B239D2F7700585F01 /* World TrackingUITests */,
				53024E58239D2F7500585F01 /* Products */,
			);
			sourceTree = "<group>";
		};
		53024E58239D2F7500585F01 /* Products */ = {
			isa = PBXGroup;
			children = (
				53024E57239D2F7500585F01 /* World Tracking.app */,
				53024E6D239D2F7700585F01 /* World TrackingTests.xctest */,
				53024E78239D2F7700585F01 /* World TrackingUITests.xctest */,
			);
			name = Products;
			sourceTree = "<group>";
		};
		53024E59239D2F7500585F01 /* World Tracking */ = {
			isa = PBXGroup;
			children = (
				53024E5A239D2F7500585F01 /* AppDelegate.swift */,
				53024E5C239D2F7500585F01 /* SceneDelegate.swift */,
				53024E5E239D2F7500585F01 /* ViewController.swift */,
				53024E60239D2F7500585F01 /* Main.storyboard */,
				53024E63239D2F7700585F01 /* Assets.xcassets */,
				53024E65239D2F7700585F01 /* LaunchScreen.storyboard */,
				53024E68239D2F7700585F01 /* Info.plist */,
			);
			path = "World Tracking";
			sourceTree = "<group>";
		};
		53024E70239D2F7700585F01 /* World TrackingTests */ = {
			isa = PBXGroup;
			children = (
				53024E71239D2F7700585F01 /* World_TrackingTests.swift */,
				53024E73239D2F7700585F01 /* Info.plist */,
			);
			path = "World TrackingTests";
			sourceTree = "<group>";
		};
		53024E7B239D2F7700585F01 /* World TrackingUITests */ = {
			isa = PBXGroup;
			children = (
				53024E7C239D2F7700585F01 /* World_TrackingUITests.swift */,
				53024E7E239D2F7700585F01 /* Info.plist */,
			);
			path = "World TrackingUITests";
			sourceTree = "<group>";
		};
/* End PBXGroup section */

/* Begin PBXNativeTarget section */
		53024E56239D2F7500585F01 /* World Tracking */ = {
			isa = PBXNativeTarget;
			buildConfigurationList = 53024E81239D2F7700585F01 /* Build configuration list for PBXNativeTarget "World Tracking" */;
			buildPhases = (
				53024E53239D2F7500585F01 /* Sources */,
				53024E54239D2F7500585F01 /* Frameworks */,
				53024E55239D2F7500585F01 /* Resources */,
			);
			buildRules = (
			);
			dependencies = (
			);
			name = "World Tracking";
			productName = "World Tracking";
			productReference = 53024E57239D2F7500585F01 /* World Tracking.app */;
			productType = "com.apple.product-type.application";
		};
		53024E6C239D2F7700585F01 /* World TrackingTests */ = {
			isa = PBXNativeTarget;
			buildConfigurationList = 53024E84239D2F7700585F01 /* Build configuration list for PBXNativeTarget "World TrackingTests" */;
			buildPhases = (
				53024E69239D2F7700585F01 /* Sources */,
				53024E6A239D2F7700585F01 /* Frameworks */,
				53024E6B239D2F7700585F01 /* Resources */,
			);
			buildRules = (
			);
			dependencies = (
				53024E6F239D2F7700585F01 /* PBXTargetDependency */,
			);
			name = "World TrackingTests";
			productName = "World TrackingTests";
			productReference = 53024E6D239D2F7700585F01 /* World TrackingTests.xctest */;
			productType = "com.apple.product-type.bundle.unit-test";
		};
		53024E77239D2F7700585F01 /* World TrackingUITests */ = {
			isa = PBXNativeTarget;
			buildConfigurationList = 53024E87239D2F7700585F01 /* Build configuration list for PBXNativeTarget "World TrackingUITests" */;
			buildPhases = (
				53024E74239D2F7700585F01 /* Sources */,
				53024E75239D2F7700585F01 /* Frameworks */,
				53024E76239D2F7700585F01 /* Resources */,
			);
			buildRules = (
			);
			dependencies = (
				53024E7A239D2F7700585F01 /* PBXTargetDependency */,
			);
			name = "World TrackingUITests";
			productName = "World TrackingUITests";
			productReference = 53024E78239D2F7700585F01 /* World TrackingUITests.xctest */;
			productType = "com.apple.product-type.bundle.ui-testing";
		};
/* End PBXNativeTarget section */

/* Begin PBXProject section */
		53024E4F239D2F7500585F01 /* Project object */ = {
			isa = PBXProject;
			attributes = {
				LastSwiftUpdateCheck = 1120;
				LastUpgradeCheck = 1120;
				ORGANIZATIONNAME = "Livia Vasconcelos";
				TargetAttributes = {
					53024E56239D2F7500585F01 = {
						CreatedOnToolsVersion = 11.2.1;
					};
					53024E6C239D2F7700585F01 = {
						CreatedOnToolsVersion = 11.2.1;
						TestTargetID = 53024E56239D2F7500585F01;
					};
					53024E77239D2F7700585F01 = {
						CreatedOnToolsVersion = 11.2.1;
						TestTargetID = 53024E56239D2F7500585F01;
					};
				};
			};
			buildConfigurationList = 53024E52239D2F7500585F01 /* Build configuration list for PBXProject "World Tracking" */;
			compatibilityVersion = "Xcode 9.3";
			developmentRegion = en;
			hasScannedForEncodings = 0;
			knownRegions = (
				en,
				Base,
			);
			mainGroup = 53024E4E239D2F7500585F01;
			productRefGroup = 53024E58239D2F7500585F01 /* Products */;
			projectDirPath = "";
			projectRoot = "";
			targets = (
				53024E56239D2F7500585F01 /* World Tracking */,
				53024E6C239D2F7700585F01 /* World TrackingTests */,
				53024E77239D2F7700585F01 /* World TrackingUITests */,
			);
		};
/* End PBXProject section */

/* Begin PBXResourcesBuildPhase section */
		53024E55239D2F7500585F01 /* Resources */ = {
			isa = PBXResourcesBuildPhase;
			buildActionMask = 2147483647;
			files = (
				53024E67239D2F7700585F01 /* LaunchScreen.storyboard in Resources */,
				53024E64239D2F7700585F01 /* Assets.xcassets in Resources */,
				53024E62239D2F7500585F01 /* Main.storyboard in Resources */,
			);
			runOnlyForDeploymentPostprocessing = 0;
		};
		53024E6B239D2F7700585F01 /* Resources */ = {
			isa = PBXResourcesBuildPhase;
			buildActionMask = 2147483647;
			files = (
			);
			runOnlyForDeploymentPostprocessing = 0;
		};
		53024E76239D2F7700585F01 /* Resources */ = {
			isa = PBXResourcesBuildPhase;
			buildActionMask = 2147483647;
			files = (
			);
			runOnlyForDeploymentPostprocessing = 0;
		};
/* End PBXResourcesBuildPhase section */

/* Begin PBXSourcesBuildPhase section */
		53024E53239D2F7500585F01 /* Sources */ = {
			isa = PBXSourcesBuildPhase;
			buildActionMask = 2147483647;
			files = (
				53024E5F239D2F7500585F01 /* ViewController.swift in Sources */,
				53024E5B239D2F7500585F01 /* AppDelegate.swift in Sources */,
				53024E5D239D2F7500585F01 /* SceneDelegate.swift in Sources */,
			);
			runOnlyForDeploymentPostprocessing = 0;
		};
		53024E69239D2F7700585F01 /* Sources */ = {
			isa = PBXSourcesBuildPhase;
			buildActionMask = 2147483647;
			files = (
				53024E72239D2F7700585F01 /* World_TrackingTests.swift in Sources */,
			);
			runOnlyForDeploymentPostprocessing = 0;
		};
		53024E74239D2F7700585F01 /* Sources */ = {
			isa = PBXSourcesBuildPhase;
			buildActionMask = 2147483647;
			files = (
				53024E7D239D2F7700585F01 /* World_TrackingUITests.swift in Sources */,
			);
			runOnlyForDeploymentPostprocessing = 0;
		};
/* End PBXSourcesBuildPhase section */

/* Begin PBXTargetDependency section */
		53024E6F239D2F7700585F01 /* PBXTargetDependency */ = {
			isa = PBXTargetDependency;
			target = 53024E56239D2F7500585F01 /* World Tracking */;
			targetProxy = 53024E6E239D2F7700585F01 /* PBXContainerItemProxy */;
		};
		53024E7A239D2F7700585F01 /* PBXTargetDependency */ = {
			isa = PBXTargetDependency;
			target = 53024E56239D2F7500585F01 /* World Tracking */;
			targetProxy = 53024E79239D2F7700585F01 /* PBXContainerItemProxy */;
		};
/* End PBXTargetDependency section */

/* Begin PBXVariantGroup section */
		53024E60239D2F7500585F01 /* Main.storyboard */ = {
			isa = PBXVariantGroup;
			children = (
				53024E61239D2F7500585F01 /* Base */,
			);
			name = Main.storyboard;
			sourceTree = "<group>";
		};
		53024E65239D2F7700585F01 /* LaunchScreen.storyboard */ = {
			isa = PBXVariantGroup;
			children = (
				53024E66239D2F7700585F01 /* Base */,
			);
			name = LaunchScreen.storyboard;
			sourceTree = "<group>";
		};
/* End PBXVariantGroup section */

/* Begin XCBuildConfiguration section */
		53024E7F239D2F7700585F01 /* Debug */ = {
			isa = XCBuildConfiguration;
			buildSettings = {
				ALWAYS_SEARCH_USER_PATHS = NO;
				CLANG_ANALYZER_NONNULL = YES;
				CLANG_ANALYZER_NUMBER_OBJECT_CONVERSION = YES_AGGRESSIVE;
				CLANG_CXX_LANGUAGE_STANDARD = "gnu++14";
				CLANG_CXX_LIBRARY = "libc++";
				CLANG_ENABLE_MODULES = YES;
				CLANG_ENABLE_OBJC_ARC = YES;
				CLANG_ENABLE_OBJC_WEAK = YES;
				CLANG_WARN_BLOCK_CAPTURE_AUTORELEASING = YES;
				CLANG_WARN_BOOL_CONVERSION = YES;
				CLANG_WARN_COMMA = YES;
				CLANG_WARN_CONSTANT_CONVERSION = YES;
				CLANG_WARN_DEPRECATED_OBJC_IMPLEMENTATIONS = YES;
				CLANG_WARN_DIRECT_OBJC_ISA_USAGE = YES_ERROR;
				CLANG_WARN_DOCUMENTATION_COMMENTS = YES;
				CLANG_WARN_EMPTY_BODY = YES;
				CLANG_WARN_ENUM_CONVERSION = YES;
				CLANG_WARN_INFINITE_RECURSION = YES;
				CLANG_WARN_INT_CONVERSION = YES;
				CLANG_WARN_NON_LITERAL_NULL_CONVERSION = YES;
				CLANG_WARN_OBJC_IMPLICIT_RETAIN_SELF = YES;
				CLANG_WARN_OBJC_LITERAL_CONVERSION = YES;
				CLANG_WARN_OBJC_ROOT_CLASS = YES_ERROR;
				CLANG_WARN_RANGE_LOOP_ANALYSIS = YES;
				CLANG_WARN_STRICT_PROTOTYPES = YES;
				CLANG_WARN_SUSPICIOUS_MOVE = YES;
				CLANG_WARN_UNGUARDED_AVAILABILITY = YES_AGGRESSIVE;
				CLANG_WARN_UNREACHABLE_CODE = YES;
				CLANG_WARN__DUPLICATE_METHOD_MATCH = YES;
				COPY_PHASE_STRIP = NO;
				DEBUG_INFORMATION_FORMAT = dwarf;
				ENABLE_STRICT_OBJC_MSGSEND = YES;
				ENABLE_TESTABILITY = YES;
				GCC_C_LANGUAGE_STANDARD = gnu11;
				GCC_DYNAMIC_NO_PIC = NO;
				GCC_NO_COMMON_BLOCKS = YES;
				GCC_OPTIMIZATION_LEVEL = 0;
				GCC_PREPROCESSOR_DEFINITIONS = (
					"DEBUG=1",
					"$(inherited)",
				);
				GCC_WARN_64_TO_32_BIT_CONVERSION = YES;
				GCC_WARN_ABOUT_RETURN_TYPE = YES_ERROR;
				GCC_WARN_UNDECLARED_SELECTOR = YES;
				GCC_WARN_UNINITIALIZED_AUTOS = YES_AGGRESSIVE;
				GCC_WARN_UNUSED_FUNCTION = YES;
				GCC_WARN_UNUSED_VARIABLE = YES;
				IPHONEOS_DEPLOYMENT_TARGET = 13.2;
				MTL_ENABLE_DEBUG_INFO = INCLUDE_SOURCE;
				MTL_FAST_MATH = YES;
				ONLY_ACTIVE_ARCH = YES;
				SDKROOT = iphoneos;
				SWIFT_ACTIVE_COMPILATION_CONDITIONS = DEBUG;
				SWIFT_OPTIMIZATION_LEVEL = "-Onone";
			};
			name = Debug;
		};
		53024E80239D2F7700585F01 /* Release */ = {
			isa = XCBuildConfiguration;
			buildSettings = {
				ALWAYS_SEARCH_USER_PATHS = NO;
				CLANG_ANALYZER_NONNULL = YES;
				CLANG_ANALYZER_NUMBER_OBJECT_CONVERSION = YES_AGGRESSIVE;
				CLANG_CXX_LANGUAGE_STANDARD = "gnu++14";
				CLANG_CXX_LIBRARY = "libc++";
				CLANG_ENABLE_MODULES = YES;
				CLANG_ENABLE_OBJC_ARC = YES;
				CLANG_ENABLE_OBJC_WEAK = YES;
				CLANG_WARN_BLOCK_CAPTURE_AUTORELEASING = YES;
				CLANG_WARN_BOOL_CONVERSION = YES;
				CLANG_WARN_COMMA = YES;
				CLANG_WARN_CONSTANT_CONVERSION = YES;
				CLANG_WARN_DEPRECATED_OBJC_IMPLEMENTATIONS = YES;
				CLANG_WARN_DIRECT_OBJC_ISA_USAGE = YES_ERROR;
				CLANG_WARN_DOCUMENTATION_COMMENTS = YES;
				CLANG_WARN_EMPTY_BODY = YES;
				CLANG_WARN_ENUM_CONVERSION = YES;
				CLANG_WARN_INFINITE_RECURSION = YES;
				CLANG_WARN_INT_CONVERSION = YES;
				CLANG_WARN_NON_LITERAL_NULL_CONVERSION = YES;
				CLANG_WARN_OBJC_IMPLICIT_RETAIN_SELF = YES;
				CLANG_WARN_OBJC_LITERAL_CONVERSION = YES;
				CLANG_WARN_OBJC_ROOT_CLASS = YES_ERROR;
				CLANG_WARN_RANGE_LOOP_ANALYSIS = YES;
				CLANG_WARN_STRICT_PROTOTYPES = YES;
				CLANG_WARN_SUSPICIOUS_MOVE = YES;
				CLANG_WARN_UNGUARDED_AVAILABILITY = YES_AGGRESSIVE;
				CLANG_WARN_UNREACHABLE_CODE = YES;
				CLANG_WARN__DUPLICATE_METHOD_MATCH = YES;
				COPY_PHASE_STRIP = NO;
				DEBUG_INFORMATION_FORMAT = "dwarf-with-dsym";
				ENABLE_NS_ASSERTIONS = NO;
				ENABLE_STRICT_OBJC_MSGSEND = YES;
				GCC_C_LANGUAGE_STANDARD = gnu11;
				GCC_NO_COMMON_BLOCKS = YES;
				GCC_WARN_64_TO_32_BIT_CONVERSION = YES;
				GCC_WARN_ABOUT_RETURN_TYPE = YES_ERROR;
				GCC_WARN_UNDECLARED_SELECTOR = YES;
				GCC_WARN_UNINITIALIZED_AUTOS = YES_AGGRESSIVE;
				GCC_WARN_UNUSED_FUNCTION = YES;
				GCC_WARN_UNUSED_VARIABLE = YES;
				IPHONEOS_DEPLOYMENT_TARGET = 13.2;
				MTL_ENABLE_DEBUG_INFO = NO;
				MTL_FAST_MATH = YES;
				SDKROOT = iphoneos;
				SWIFT_COMPILATION_MODE = wholemodule;
				SWIFT_OPTIMIZATION_LEVEL = "-O";
				VALIDATE_PRODUCT = YES;
			};
			name = Release;
		};
		53024E82239D2F7700585F01 /* Debug */ = {
			isa = XCBuildConfiguration;
			buildSettings = {
				ASSETCATALOG_COMPILER_APPICON_NAME = AppIcon;
				CODE_SIGN_STYLE = Automatic;
				DEVELOPMENT_TEAM = L9CMSL6QFV;
				INFOPLIST_FILE = "World Tracking/Info.plist";
				LD_RUNPATH_SEARCH_PATHS = (
					"$(inherited)",
					"@executable_path/Frameworks",
				);
				PRODUCT_BUNDLE_IDENTIFIER = "com.liuvasconcelos.World-Tracking";
				PRODUCT_NAME = "$(TARGET_NAME)";
				SWIFT_VERSION = 5.0;
				TARGETED_DEVICE_FAMILY = "1,2";
			};
			name = Debug;
		};
		53024E83239D2F7700585F01 /* Release */ = {
			isa = XCBuildConfiguration;
			buildSettings = {
				ASSETCATALOG_COMPILER_APPICON_NAME = AppIcon;
				CODE_SIGN_STYLE = Automatic;
				DEVELOPMENT_TEAM = L9CMSL6QFV;
				INFOPLIST_FILE = "World Tracking/Info.plist";
				LD_RUNPATH_SEARCH_PATHS = (
					"$(inherited)",
					"@executable_path/Frameworks",
				);
				PRODUCT_BUNDLE_IDENTIFIER = "com.liuvasconcelos.World-Tracking";
				PRODUCT_NAME = "$(TARGET_NAME)";
				SWIFT_VERSION = 5.0;
				TARGETED_DEVICE_FAMILY = "1,2";
			};
			name = Release;
		};
		53024E85239D2F7700585F01 /* Debug */ = {
			isa = XCBuildConfiguration;
			buildSettings = {
				ALWAYS_EMBED_SWIFT_STANDARD_LIBRARIES = YES;
				BUNDLE_LOADER = "$(TEST_HOST)";
				CODE_SIGN_STYLE = Automatic;
				DEVELOPMENT_TEAM = L9CMSL6QFV;
				INFOPLIST_FILE = "World TrackingTests/Info.plist";
				IPHONEOS_DEPLOYMENT_TARGET = 13.2;
				LD_RUNPATH_SEARCH_PATHS = (
					"$(inherited)",
					"@executable_path/Frameworks",
					"@loader_path/Frameworks",
				);
				PRODUCT_BUNDLE_IDENTIFIER = "com.liuvasconcelos.World-TrackingTests";
				PRODUCT_NAME = "$(TARGET_NAME)";
				SWIFT_VERSION = 5.0;
				TARGETED_DEVICE_FAMILY = "1,2";
				TEST_HOST = "$(BUILT_PRODUCTS_DIR)/World Tracking.app/World Tracking";
			};
			name = Debug;
		};
		53024E86239D2F7700585F01 /* Release */ = {
			isa = XCBuildConfiguration;
			buildSettings = {
				ALWAYS_EMBED_SWIFT_STANDARD_LIBRARIES = YES;
				BUNDLE_LOADER = "$(TEST_HOST)";
				CODE_SIGN_STYLE = Automatic;
				DEVELOPMENT_TEAM = L9CMSL6QFV;
				INFOPLIST_FILE = "World TrackingTests/Info.plist";
				IPHONEOS_DEPLOYMENT_TARGET = 13.2;
				LD_RUNPATH_SEARCH_PATHS = (
					"$(inherited)",
					"@executable_path/Frameworks",
					"@loader_path/Frameworks",
				);
				PRODUCT_BUNDLE_IDENTIFIER = "com.liuvasconcelos.World-TrackingTests";
				PRODUCT_NAME = "$(TARGET_NAME)";
				SWIFT_VERSION = 5.0;
				TARGETED_DEVICE_FAMILY = "1,2";
				TEST_HOST = "$(BUILT_PRODUCTS_DIR)/World Tracking.app/World Tracking";
			};
			name = Release;
		};
		53024E88239D2F7700585F01 /* Debug */ = {
			isa = XCBuildConfiguration;
			buildSettings = {
				ALWAYS_EMBED_SWIFT_STANDARD_LIBRARIES = YES;
				CODE_SIGN_STYLE = Automatic;
				DEVELOPMENT_TEAM = L9CMSL6QFV;
				INFOPLIST_FILE = "World TrackingUITests/Info.plist";
				LD_RUNPATH_SEARCH_PATHS = (
					"$(inherited)",
					"@executable_path/Frameworks",
					"@loader_path/Frameworks",
				);
				PRODUCT_BUNDLE_IDENTIFIER = "com.liuvasconcelos.World-TrackingUITests";
				PRODUCT_NAME = "$(TARGET_NAME)";
				SWIFT_VERSION = 5.0;
				TARGETED_DEVICE_FAMILY = "1,2";
				TEST_TARGET_NAME = "World Tracking";
			};
			name = Debug;
		};
		53024E89239D2F7700585F01 /* Release */ = {
			isa = XCBuildConfiguration;
			buildSettings = {
				ALWAYS_EMBED_SWIFT_STANDARD_LIBRARIES = YES;
				CODE_SIGN_STYLE = Automatic;
				DEVELOPMENT_TEAM = L9CMSL6QFV;
				INFOPLIST_FILE = "World TrackingUITests/Info.plist";
				LD_RUNPATH_SEARCH_PATHS = (
					"$(inherited)",
					"@executable_path/Frameworks",
					"@loader_path/Frameworks",
				);
				PRODUCT_BUNDLE_IDENTIFIER = "com.liuvasconcelos.World-TrackingUITests";
				PRODUCT_NAME = "$(TARGET_NAME)";
				SWIFT_VERSION = 5.0;
				TARGETED_DEVICE_FAMILY = "1,2";
				TEST_TARGET_NAME = "World Tracking";
			};
			name = Release;
		};
/* End XCBuildConfiguration section */

/* Begin XCConfigurationList section */
		53024E52239D2F7500585F01 /* Build configuration list for PBXProject "World Tracking" */ = {
			isa = XCConfigurationList;
			buildConfigurations = (
				53024E7F239D2F7700585F01 /* Debug */,
				53024E80239D2F7700585F01 /* Release */,
			);
			defaultConfigurationIsVisible = 0;
			defaultConfigurationName = Release;
		};
		53024E81239D2F7700585F01 /* Build configuration list for PBXNativeTarget "World Tracking" */ = {
			isa = XCConfigurationList;
			buildConfigurations = (
				53024E82239D2F7700585F01 /* Debug */,
				53024E83239D2F7700585F01 /* Release */,
			);
			defaultConfigurationIsVisible = 0;
			defaultConfigurationName = Release;
		};
		53024E84239D2F7700585F01 /* Build configuration list for PBXNativeTarget "World TrackingTests" */ = {
			isa = XCConfigurationList;
			buildConfigurations = (
				53024E85239D2F7700585F01 /* Debug */,
				53024E86239D2F7700585F01 /* Release */,
			);
			defaultConfigurationIsVisible = 0;
			defaultConfigurationName = Release;
		};
		53024E87239D2F7700585F01 /* Build configuration list for PBXNativeTarget "World TrackingUITests" */ = {
			isa = XCConfigurationList;
			buildConfigurations = (
				53024E88239D2F7700585F01 /* Debug */,
				53024E89239D2F7700585F01 /* Release */,
			);
			defaultConfigurationIsVisible = 0;
			defaultConfigurationName = Release;
		};
/* End XCConfigurationList section */
	};
	rootObject = 53024E4F239D2F7500585F01 /* Project object */;
}
